
Microsoft Visual Studio Solution File, Format Version 12.00
# Visual Studio Version 17
VisualStudioVersion = 17.13.35919.96 d17.13
MinimumVisualStudioVersion = 10.0.40219.1
Project("{FAE04EC0-301F-11D3-BF4B-00C04F79EFBC}") = "第7小組專題", "第7小組專題.csproj", "{8E1E6B2E-2754-4C56-A1F2-F3CE3B801DFC}"
EndProject
Global
	GlobalSection(SolutionConfigurationPlatforms) = preSolution
		Debug|Any CPU = Debug|Any CPU
		Release|Any CPU = Release|Any CPU
	EndGlobalSection
	GlobalSection(ProjectConfigurationPlatforms) = postSolution
		{8E1E6B2E-2754-4C56-A1F2-F3CE3B801DFC}.Debug|Any CPU.ActiveCfg = Debug|Any CPU
		{8E1E6B2E-2754-4C56-A1F2-F3CE3B801DFC}.Debug|Any CPU.Build.0 = Debug|Any CPU
		{8E1E6B2E-2754-4C56-A1F2-F3CE3B801DFC}.Release|Any CPU.ActiveCfg = Release|Any CPU
		{8E1E6B2E-2754-4C56-A1F2-F3CE3B801DFC}.Release|Any CPU.Build.0 = Release|Any CPU
	EndGlobalSection
	GlobalSection(SolutionProperties) = preSolution
		HideSolutionNode = FALSE
	EndGlobalSection
	GlobalSection(ExtensibilityGlobals) = postSolution
		SolutionGuid = {7C744AD7-E3C7-4C75-B767-9040EFB51DB8}
	EndGlobalSection
EndGlobal
